
Microsoft Visual Studio Solution File, Format Version 12.00
# Visual Studio Version 17
VisualStudioVersion = 17.8.34601.278
MinimumVisualStudioVersion = 10.0.40219.1
Project("{FAE04EC0-301F-11D3-BF4B-00C04F79EFBC}") = "ProtectedMultipleObjects", "ProtectedMultipleObjects\ProtectedMultipleObjects.csproj", "{F8884EB8-0217-4BA4-B999-74DDA8C0CA78}"
EndProject
Global
	GlobalSection(SolutionConfigurationPlatforms) = preSolution
		Debug|Any CPU = Debug|Any CPU
		Release|Any CPU = Release|Any CPU
	EndGlobalSection
	GlobalSection(ProjectConfigurationPlatforms) = postSolution
		{F8884EB8-0217-4BA4-B999-74DDA8C0CA78}.Debug|Any CPU.ActiveCfg = Debug|Any CPU
		{F8884EB8-0217-4BA4-B999-74DDA8C0CA78}.Debug|Any CPU.Build.0 = Debug|Any CPU
		{F8884EB8-0217-4BA4-B999-74DDA8C0CA78}.Release|Any CPU.ActiveCfg = Release|Any CPU
		{F8884EB8-0217-4BA4-B999-74DDA8C0CA78}.Release|Any CPU.Build.0 = Release|Any CPU
	EndGlobalSection
	GlobalSection(SolutionProperties) = preSolution
		HideSolutionNode = FALSE
	EndGlobalSection
	GlobalSection(ExtensibilityGlobals) = postSolution
		SolutionGuid = {6E08E6BA-F3B2-42BC-9306-E373574A0D4A}
	EndGlobalSection
EndGlobal
